{
    "name": "article-api",
    "version": "1.0.4",
    "lockfileVersion": 2,
    "requires": true,
    "packages": {
        "": {
            "version": "1.0.4",
            "license": "MIT",
            "dependencies": {
                "axios": "^0.21.1",
                "string-strip-html": "^8.3.0"
            }
        },
        "node_modules/@babel/runtime": {
            "version": "7.15.3",
            "resolved": "https://registry.npmjs.org/@babel/runtime/-/runtime-7.15.3.tgz",
            "integrity": "sha512-OvwMLqNXkCXSz1kSm58sEsNuhqOx/fKpnUnKnFB5v8uDda5bLNEHNgKPvhDN6IU0LDcnHQ90LlJ0Q6jnyBSIBA==",
            "dependencies": {
                "regenerator-runtime": "^0.13.4"
            },
            "engines": {
                "node": ">=6.9.0"
            }
        },
        "node_modules/axios": {
            "version": "0.21.1",
            "resolved": "https://registry.npmjs.org/axios/-/axios-0.21.1.tgz",
            "integrity": "sha512-dKQiRHxGD9PPRIUNIWvZhPTPpl1rf/OxTYKsqKUDjBwYylTvV7SjSHJb9ratfyzM6wCdLCOYLzs73qpg5c4iGA==",
            "dependencies": {
                "follow-redirects": "^1.10.0"
            }
        },
        "node_modules/follow-redirects": {
            "version": "1.14.1",
            "resolved": "https://registry.npmjs.org/follow-redirects/-/follow-redirects-1.14.1.tgz",
            "integrity": "sha512-HWqDgT7ZEkqRzBvc2s64vSZ/hfOceEol3ac/7tKwzuvEyWx3/4UegXh5oBOIotkGsObyk3xznnSRVADBgWSQVg==",
            "funding": [
                {
                    "type": "individual",
                    "url": "https://github.com/sponsors/RubenVerborgh"
                }
            ],
            "engines": {
                "node": ">=4.0"
            },
            "peerDependenciesMeta": {
                "debug": {
                    "optional": true
                }
            }
        },
        "node_modules/html-entities": {
            "version": "2.3.2",
            "resolved": "https://registry.npmjs.org/html-entities/-/html-entities-2.3.2.tgz",
            "integrity": "sha512-c3Ab/url5ksaT0WyleslpBEthOzWhrjQbg75y7XUsfSzi3Dgzt0l8w5e7DylRn15MTlMMD58dTfzddNS2kcAjQ=="
        },
        "node_modules/lodash.clonedeep": {
            "version": "4.5.0",
            "resolved": "https://registry.npmjs.org/lodash.clonedeep/-/lodash.clonedeep-4.5.0.tgz",
            "integrity": "sha1-4j8/nE+Pvd6HJSnBBxhXoIblzO8="
        },
        "node_modules/lodash.isplainobject": {
            "version": "4.0.6",
            "resolved": "https://registry.npmjs.org/lodash.isplainobject/-/lodash.isplainobject-4.0.6.tgz",
            "integrity": "sha1-fFJqUtibRcRcxpC4gWO+BJf1UMs="
        },
        "node_modules/lodash.trim": {
            "version": "4.5.1",
            "resolved": "https://registry.npmjs.org/lodash.trim/-/lodash.trim-4.5.1.tgz",
            "integrity": "sha1-NkJefukL5KpeJ7zruFt9EepHqlc="
        },
        "node_modules/lodash.without": {
            "version": "4.4.0",
            "resolved": "https://registry.npmjs.org/lodash.without/-/lodash.without-4.4.0.tgz",
            "integrity": "sha1-PNRXSgC2e643OpS3SHcmQFB7eqw="
        },
        "node_modules/ranges-apply": {
            "version": "5.1.0",
            "resolved": "https://registry.npmjs.org/ranges-apply/-/ranges-apply-5.1.0.tgz",
            "integrity": "sha512-VF3a0XUuYS/BQHv2RaIyX1K7S1hbfrs64hkGKgPVk0Y7p4XFwSucjTTttrBqmkcmB/PZx5ISTZdxErRZi/89aQ==",
            "dependencies": {
                "@babel/runtime": "^7.14.0",
                "ranges-merge": "^7.1.0"
            }
        },
        "node_modules/ranges-merge": {
            "version": "7.1.0",
            "resolved": "https://registry.npmjs.org/ranges-merge/-/ranges-merge-7.1.0.tgz",
            "integrity": "sha512-coTHcyAEIhoEdsBs9f5f+q0rmy7UHvS/5nfuXzuj5oLX/l/tbqM5uxRb6eh8WMdetXia3lK67ZO4tarH4ieulQ==",
            "dependencies": {
                "@babel/runtime": "^7.14.0",
                "ranges-push": "^5.1.0",
                "ranges-sort": "^4.1.0"
            }
        },
        "node_modules/ranges-push": {
            "version": "5.1.0",
            "resolved": "https://registry.npmjs.org/ranges-push/-/ranges-push-5.1.0.tgz",
            "integrity": "sha512-vqGcaGq7GWV1zBa9w83E+dzYkOvE9/3pIRUPvLf12c+mGQCf1nesrkBI7Ob8taN2CC9V1HDSJx0KAQl0SgZftA==",
            "dependencies": {
                "@babel/runtime": "^7.14.0",
                "ranges-merge": "^7.1.0",
                "string-collapse-leading-whitespace": "^5.1.0",
                "string-trim-spaces-only": "^3.1.0"
            }
        },
        "node_modules/ranges-sort": {
            "version": "4.1.0",
            "resolved": "https://registry.npmjs.org/ranges-sort/-/ranges-sort-4.1.0.tgz",
            "integrity": "sha512-GOQgk6UtsrfKFeYa53YLiBVnLINwYmOk5l2QZG1csZpT6GdImUwooh+/cRrp7b+fYawZX/rnyA3Ul+pdgQBIzA==",
            "dependencies": {
                "@babel/runtime": "^7.14.0"
            }
        },
        "node_modules/regenerator-runtime": {
            "version": "0.13.9",
            "resolved": "https://registry.npmjs.org/regenerator-runtime/-/regenerator-runtime-0.13.9.tgz",
            "integrity": "sha512-p3VT+cOEgxFsRRA9X4lkI1E+k2/CtnKtU4gcxyaCUreilL/vqI6CdZ3wxVUx3UOUg+gnUOQQcRI7BmSI656MYA=="
        },
        "node_modules/string-collapse-leading-whitespace": {
            "version": "5.1.0",
            "resolved": "https://registry.npmjs.org/string-collapse-leading-whitespace/-/string-collapse-leading-whitespace-5.1.0.tgz",
            "integrity": "sha512-mYz9/Kb5uvRB4DZj46zILwI4y9lD9JsvXG9Xb7zjbwm0I/R40G7oFfMsqJ28l2d7gWMTLJL569NfJQVLQbnHCw==",
            "dependencies": {
                "@babel/runtime": "^7.14.0"
            }
        },
        "node_modules/string-left-right": {
            "version": "4.1.0",
            "resolved": "https://registry.npmjs.org/string-left-right/-/string-left-right-4.1.0.tgz",
            "integrity": "sha512-ic/WvfNVUygWWsgg8akzSzp2NuttfhrdbH7QmSnda5b5RFmT9aCEDiS/M+gmTJwtFy7+b/2AXU4Z6vejcePQqQ==",
            "dependencies": {
                "@babel/runtime": "^7.14.0",
                "lodash.clonedeep": "^4.5.0",
                "lodash.isplainobject": "^4.0.6"
            }
        },
        "node_modules/string-strip-html": {
            "version": "8.3.0",
            "resolved": "https://registry.npmjs.org/string-strip-html/-/string-strip-html-8.3.0.tgz",
            "integrity": "sha512-1+rjTPt0JjpFr1w0bfNL1S6O0I9fJDqM+P3pFTpC6eEEpIXhmBvPLnaQoEuWarswiH219qCefDSxTLxGQyHKUg==",
            "dependencies": {
                "@babel/runtime": "^7.14.0",
                "html-entities": "^2.3.2",
                "lodash.isplainobject": "^4.0.6",
                "lodash.trim": "^4.5.1",
                "lodash.without": "^4.4.0",
                "ranges-apply": "^5.1.0",
                "ranges-push": "^5.1.0",
                "string-left-right": "^4.1.0"
            }
        },
        "node_modules/string-trim-spaces-only": {
            "version": "3.1.0",
            "resolved": "https://registry.npmjs.org/string-trim-spaces-only/-/string-trim-spaces-only-3.1.0.tgz",
            "integrity": "sha512-AW7RSi3+QtE6wR+4m/kmwlyy39neBbCIzrzzu1/RGzNRiPKQOeB3rGzr4ubg4UIQgYtr2w0PrxhKPXgyqJ0vaQ==",
            "dependencies": {
                "@babel/runtime": "^7.14.0"
            }
        }
    },
    "dependencies": {
        "@babel/runtime": {
            "version": "7.15.3",
            "resolved": "https://registry.npmjs.org/@babel/runtime/-/runtime-7.15.3.tgz",
            "integrity": "sha512-OvwMLqNXkCXSz1kSm58sEsNuhqOx/fKpnUnKnFB5v8uDda5bLNEHNgKPvhDN6IU0LDcnHQ90LlJ0Q6jnyBSIBA==",
            "requires": {
                "regenerator-runtime": "^0.13.4"
            }
        },
        "axios": {
            "version": "0.21.1",
            "resolved": "https://registry.npmjs.org/axios/-/axios-0.21.1.tgz",
            "integrity": "sha512-dKQiRHxGD9PPRIUNIWvZhPTPpl1rf/OxTYKsqKUDjBwYylTvV7SjSHJb9ratfyzM6wCdLCOYLzs73qpg5c4iGA==",
            "requires": {
                "follow-redirects": "^1.10.0"
            }
        },
        "follow-redirects": {
            "version": "1.14.1",
            "resolved": "https://registry.npmjs.org/follow-redirects/-/follow-redirects-1.14.1.tgz",
            "integrity": "sha512-HWqDgT7ZEkqRzBvc2s64vSZ/hfOceEol3ac/7tKwzuvEyWx3/4UegXh5oBOIotkGsObyk3xznnSRVADBgWSQVg=="
        },
        "html-entities": {
            "version": "2.3.2",
            "resolved": "https://registry.npmjs.org/html-entities/-/html-entities-2.3.2.tgz",
            "integrity": "sha512-c3Ab/url5ksaT0WyleslpBEthOzWhrjQbg75y7XUsfSzi3Dgzt0l8w5e7DylRn15MTlMMD58dTfzddNS2kcAjQ=="
        },
        "lodash.clonedeep": {
            "version": "4.5.0",
            "resolved": "https://registry.npmjs.org/lodash.clonedeep/-/lodash.clonedeep-4.5.0.tgz",
            "integrity": "sha1-4j8/nE+Pvd6HJSnBBxhXoIblzO8="
        },
        "lodash.isplainobject": {
            "version": "4.0.6",
            "resolved": "https://registry.npmjs.org/lodash.isplainobject/-/lodash.isplainobject-4.0.6.tgz",
            "integrity": "sha1-fFJqUtibRcRcxpC4gWO+BJf1UMs="
        },
        "lodash.trim": {
            "version": "4.5.1",
            "resolved": "https://registry.npmjs.org/lodash.trim/-/lodash.trim-4.5.1.tgz",
            "integrity": "sha1-NkJefukL5KpeJ7zruFt9EepHqlc="
        },
        "lodash.without": {
            "version": "4.4.0",
            "resolved": "https://registry.npmjs.org/lodash.without/-/lodash.without-4.4.0.tgz",
            "integrity": "sha1-PNRXSgC2e643OpS3SHcmQFB7eqw="
        },
        "ranges-apply": {
            "version": "5.1.0",
            "resolved": "https://registry.npmjs.org/ranges-apply/-/ranges-apply-5.1.0.tgz",
            "integrity": "sha512-VF3a0XUuYS/BQHv2RaIyX1K7S1hbfrs64hkGKgPVk0Y7p4XFwSucjTTttrBqmkcmB/PZx5ISTZdxErRZi/89aQ==",
            "requires": {
                "@babel/runtime": "^7.14.0",
                "ranges-merge": "^7.1.0"
            }
        },
        "ranges-merge": {
            "version": "7.1.0",
            "resolved": "https://registry.npmjs.org/ranges-merge/-/ranges-merge-7.1.0.tgz",
            "integrity": "sha512-coTHcyAEIhoEdsBs9f5f+q0rmy7UHvS/5nfuXzuj5oLX/l/tbqM5uxRb6eh8WMdetXia3lK67ZO4tarH4ieulQ==",
            "requires": {
                "@babel/runtime": "^7.14.0",
                "ranges-push": "^5.1.0",
                "ranges-sort": "^4.1.0"
            }
        },
        "ranges-push": {
            "version": "5.1.0",
            "resolved": "https://registry.npmjs.org/ranges-push/-/ranges-push-5.1.0.tgz",
            "integrity": "sha512-vqGcaGq7GWV1zBa9w83E+dzYkOvE9/3pIRUPvLf12c+mGQCf1nesrkBI7Ob8taN2CC9V1HDSJx0KAQl0SgZftA==",
            "requires": {
                "@babel/runtime": "^7.14.0",
                "ranges-merge": "^7.1.0",
                "string-collapse-leading-whitespace": "^5.1.0",
                "string-trim-spaces-only": "^3.1.0"
            }
        },
        "ranges-sort": {
            "version": "4.1.0",
            "resolved": "https://registry.npmjs.org/ranges-sort/-/ranges-sort-4.1.0.tgz",
            "integrity": "sha512-GOQgk6UtsrfKFeYa53YLiBVnLINwYmOk5l2QZG1csZpT6GdImUwooh+/cRrp7b+fYawZX/rnyA3Ul+pdgQBIzA==",
            "requires": {
                "@babel/runtime": "^7.14.0"
            }
        },
        "regenerator-runtime": {
            "version": "0.13.9",
            "resolved": "https://registry.npmjs.org/regenerator-runtime/-/regenerator-runtime-0.13.9.tgz",
            "integrity": "sha512-p3VT+cOEgxFsRRA9X4lkI1E+k2/CtnKtU4gcxyaCUreilL/vqI6CdZ3wxVUx3UOUg+gnUOQQcRI7BmSI656MYA=="
        },
        "string-collapse-leading-whitespace": {
            "version": "5.1.0",
            "resolved": "https://registry.npmjs.org/string-collapse-leading-whitespace/-/string-collapse-leading-whitespace-5.1.0.tgz",
            "integrity": "sha512-mYz9/Kb5uvRB4DZj46zILwI4y9lD9JsvXG9Xb7zjbwm0I/R40G7oFfMsqJ28l2d7gWMTLJL569NfJQVLQbnHCw==",
            "requires": {
                "@babel/runtime": "^7.14.0"
            }
        },
        "string-left-right": {
            "version": "4.1.0",
            "resolved": "https://registry.npmjs.org/string-left-right/-/string-left-right-4.1.0.tgz",
            "integrity": "sha512-ic/WvfNVUygWWsgg8akzSzp2NuttfhrdbH7QmSnda5b5RFmT9aCEDiS/M+gmTJwtFy7+b/2AXU4Z6vejcePQqQ==",
            "requires": {
                "@babel/runtime": "^7.14.0",
                "lodash.clonedeep": "^4.5.0",
                "lodash.isplainobject": "^4.0.6"
            }
        },
        "string-strip-html": {
            "version": "8.3.0",
            "resolved": "https://registry.npmjs.org/string-strip-html/-/string-strip-html-8.3.0.tgz",
            "integrity": "sha512-1+rjTPt0JjpFr1w0bfNL1S6O0I9fJDqM+P3pFTpC6eEEpIXhmBvPLnaQoEuWarswiH219qCefDSxTLxGQyHKUg==",
            "requires": {
                "@babel/runtime": "^7.14.0",
                "html-entities": "^2.3.2",
                "lodash.isplainobject": "^4.0.6",
                "lodash.trim": "^4.5.1",
                "lodash.without": "^4.4.0",
                "ranges-apply": "^5.1.0",
                "ranges-push": "^5.1.0",
                "string-left-right": "^4.1.0"
            }
        },
        "string-trim-spaces-only": {
            "version": "3.1.0",
            "resolved": "https://registry.npmjs.org/string-trim-spaces-only/-/string-trim-spaces-only-3.1.0.tgz",
            "integrity": "sha512-AW7RSi3+QtE6wR+4m/kmwlyy39neBbCIzrzzu1/RGzNRiPKQOeB3rGzr4ubg4UIQgYtr2w0PrxhKPXgyqJ0vaQ==",
            "requires": {
                "@babel/runtime": "^7.14.0"
            }
        }
    }
}
